
Microsoft Visual Studio Solution File, Format Version 12.00
# Visual Studio 15
VisualStudioVersion = 15.0.27004.2005
MinimumVisualStudioVersion = 10.0.40219.1
Project("{FAE04EC0-301F-11D3-BF4B-00C04F79EFBC}") = "ItaasSolution", "ItaasSolution\ItaasSolution.csproj", "{83948B14-B474-422D-A554-AAF1FC204847}"
EndProject
Global
	GlobalSection(SolutionConfigurationPlatforms) = preSolution
		Debug|Any CPU = Debug|Any CPU
		Release|Any CPU = Release|Any CPU
	EndGlobalSection
	GlobalSection(ProjectConfigurationPlatforms) = postSolution
		{83948B14-B474-422D-A554-AAF1FC204847}.Debug|Any CPU.ActiveCfg = Debug|Any CPU
		{83948B14-B474-422D-A554-AAF1FC204847}.Debug|Any CPU.Build.0 = Debug|Any CPU
		{83948B14-B474-422D-A554-AAF1FC204847}.Release|Any CPU.ActiveCfg = Release|Any CPU
		{83948B14-B474-422D-A554-AAF1FC204847}.Release|Any CPU.Build.0 = Release|Any CPU
	EndGlobalSection
	GlobalSection(SolutionProperties) = preSolution
		HideSolutionNode = FALSE
	EndGlobalSection
	GlobalSection(ExtensibilityGlobals) = postSolution
		SolutionGuid = {666EE7CD-173D-4ED9-A873-1733C484D6E3}
	EndGlobalSection
EndGlobal
